// !$*UTF8*$!
{
	archiveVersion = 1;
	classes = {
	};
	objectVersion = 46;
	objects = {

/* Begin PBXBuildFile section */
		06545F5E1C70280F00F4F46E /* main.m in Sources */ = {isa = PBXBuildFile; fileRef = 06545F5D1C70280F00F4F46E /* main.m */; };
		06545F611C70280F00F4F46E /* AppDelegate.m in Sources */ = {isa = PBXBuildFile; fileRef = 06545F601C70280F00F4F46E /* AppDelegate.m */; };
		06545F641C70280F00F4F46E /* ViewController.m in Sources */ = {isa = PBXBuildFile; fileRef = 06545F631C70280F00F4F46E /* ViewController.m */; };
		06545F691C70280F00F4F46E /* Assets.xcassets in Resources */ = {isa = PBXBuildFile; fileRef = 06545F681C70280F00F4F46E /* Assets.xcassets */; };
		06545F6C1C70280F00F4F46E /* LaunchScreen.storyboard in Resources */ = {isa = PBXBuildFile; fileRef = 06545F6A1C70280F00F4F46E /* LaunchScreen.storyboard */; };
		06545F761C702A0E00F4F46E /* YDChatData.m in Sources */ = {isa = PBXBuildFile; fileRef = 06545F751C702A0E00F4F46E /* YDChatData.m */; };
		06545F791C707C3000F4F46E /* YDChatTableView.m in Sources */ = {isa = PBXBuildFile; fileRef = 06545F781C707C3000F4F46E /* YDChatTableView.m */; };
		06B50F5D1C7179190009C888 /* YDChatHeaderTableViewCell.m in Sources */ = {isa = PBXBuildFile; fileRef = 06B50F5C1C7179190009C888 /* YDChatHeaderTableViewCell.m */; };
		06B50F601C717B7C0009C888 /* YDChatTableViewCell.m in Sources */ = {isa = PBXBuildFile; fileRef = 06B50F5F1C717B7C0009C888 /* YDChatTableViewCell.m */; };
		06B50F631C71819E0009C888 /* YDChatUser.m in Sources */ = {isa = PBXBuildFile; fileRef = 06B50F621C71819E0009C888 /* YDChatUser.m */; };
		06B50F701C71AB900009C888 /* eiffeltower.jpg in Resources */ = {isa = PBXBuildFile; fileRef = 06B50F651C71AB900009C888 /* eiffeltower.jpg */; };
		06B50F711C71AB900009C888 /* Icon.png in Resources */ = {isa = PBXBuildFile; fileRef = 06B50F661C71AB900009C888 /* Icon.png */; };
		06B50F721C71AB900009C888 /* Icon@2x.png in Resources */ = {isa = PBXBuildFile; fileRef = 06B50F671C71AB900009C888 /* Icon@2x.png */; };
		06B50F731C71AB900009C888 /* me.png in Resources */ = {isa = PBXBuildFile; fileRef = 06B50F681C71AB900009C888 /* me.png */; };
		06B50F741C71AB900009C888 /* me@2x.png in Resources */ = {isa = PBXBuildFile; fileRef = 06B50F691C71AB900009C888 /* me@2x.png */; };
		06B50F751C71AB900009C888 /* mebubble.png in Resources */ = {isa = PBXBuildFile; fileRef = 06B50F6A1C71AB900009C888 /* mebubble.png */; };
		06B50F761C71AB900009C888 /* mebubble@2x.png in Resources */ = {isa = PBXBuildFile; fileRef = 06B50F6B1C71AB900009C888 /* mebubble@2x.png */; };
		06B50F771C71AB900009C888 /* metyping.png in Resources */ = {isa = PBXBuildFile; fileRef = 06B50F6C1C71AB900009C888 /* metyping.png */; };
		06B50F781C71AB900009C888 /* metyping@2x.png in Resources */ = {isa = PBXBuildFile; fileRef = 06B50F6D1C71AB900009C888 /* metyping@2x.png */; };
		06B50F791C71AB900009C888 /* noavatar.png in Resources */ = {isa = PBXBuildFile; fileRef = 06B50F6E1C71AB900009C888 /* noavatar.png */; };
		06B50F7A1C71AB900009C888 /* noavatar@2x.png in Resources */ = {isa = PBXBuildFile; fileRef = 06B50F6F1C71AB900009C888 /* noavatar@2x.png */; };
/* End PBXBuildFile section */

/* Begin PBXFileReference section */
		06545F591C70280F00F4F46E /* YDChatApp.app */ = {isa = PBXFileReference; explicitFileType = wrapper.application; includeInIndex = 0; path = YDChatApp.app; sourceTree = BUILT_PRODUCTS_DIR; };
		06545F5D1C70280F00F4F46E /* main.m */ = {isa = PBXFileReference; lastKnownFileType = sourcecode.c.objc; path = main.m; sourceTree = "<group>"; };
		06545F5F1C70280F00F4F46E /* AppDelegate.h */ = {isa = PBXFileReference; lastKnownFileType = sourcecode.c.h; path = AppDelegate.h; sourceTree = "<group>"; };
		06545F601C70280F00F4F46E /* AppDelegate.m */ = {isa = PBXFileReference; lastKnownFileType = sourcecode.c.objc; path = AppDelegate.m; sourceTree = "<group>"; };
		06545F621C70280F00F4F46E /* ViewController.h */ = {isa = PBXFileReference; lastKnownFileType = sourcecode.c.h; path = ViewController.h; sourceTree = "<group>"; };
		06545F631C70280F00F4F46E /* ViewController.m */ = {isa = PBXFileReference; lastKnownFileType = sourcecode.c.objc; path = ViewController.m; sourceTree = "<group>"; };
		06545F681C70280F00F4F46E /* Assets.xcassets */ = {isa = PBXFileReference; lastKnownFileType = folder.assetcatalog; path = Assets.xcassets; sourceTree = "<group>"; };
		06545F6B1C70280F00F4F46E /* Base */ = {isa = PBXFileReference; lastKnownFileType = file.storyboard; name = Base; path = Base.lproj/LaunchScreen.storyboard; sourceTree = "<group>"; };
		06545F6D1C70280F00F4F46E /* Info.plist */ = {isa = PBXFileReference; lastKnownFileType = text.plist.xml; path = Info.plist; sourceTree = "<group>"; };
		06545F731C7028A100F4F46E /* YDChatTableViewDataSource.h */ = {isa = PBXFileReference; fileEncoding = 4; lastKnownFileType = sourcecode.c.h; path = YDChatTableViewDataSource.h; sourceTree = "<group>"; };
		06545F741C702A0E00F4F46E /* YDChatData.h */ = {isa = PBXFileReference; fileEncoding = 4; lastKnownFileType = sourcecode.c.h; path = YDChatData.h; sourceTree = "<group>"; };
		06545F751C702A0E00F4F46E /* YDChatData.m */ = {isa = PBXFileReference; fileEncoding = 4; lastKnownFileType = sourcecode.c.objc; path = YDChatData.m; sourceTree = "<group>"; };
		06545F771C707C3000F4F46E /* YDChatTableView.h */ = {isa = PBXFileReference; fileEncoding = 4; lastKnownFileType = sourcecode.c.h; path = YDChatTableView.h; sourceTree = "<group>"; };
		06545F781C707C3000F4F46E /* YDChatTableView.m */ = {isa = PBXFileReference; fileEncoding = 4; lastKnownFileType = sourcecode.c.objc; path = YDChatTableView.m; sourceTree = "<group>"; };
		06B50F5B1C7179190009C888 /* YDChatHeaderTableViewCell.h */ = {isa = PBXFileReference; fileEncoding = 4; lastKnownFileType = sourcecode.c.h; path = YDChatHeaderTableViewCell.h; sourceTree = "<group>"; };
		06B50F5C1C7179190009C888 /* YDChatHeaderTableViewCell.m */ = {isa = PBXFileReference; fileEncoding = 4; lastKnownFileType = sourcecode.c.objc; path = YDChatHeaderTableViewCell.m; sourceTree = "<group>"; };
		06B50F5E1C717B7C0009C888 /* YDChatTableViewCell.h */ = {isa = PBXFileReference; fileEncoding = 4; lastKnownFileType = sourcecode.c.h; path = YDChatTableViewCell.h; sourceTree = "<group>"; };
		06B50F5F1C717B7C0009C888 /* YDChatTableViewCell.m */ = {isa = PBXFileReference; fileEncoding = 4; lastKnownFileType = sourcecode.c.objc; path = YDChatTableViewCell.m; sourceTree = "<group>"; };
		06B50F611C71819E0009C888 /* YDChatUser.h */ = {isa = PBXFileReference; fileEncoding = 4; lastKnownFileType = sourcecode.c.h; path = YDChatUser.h; sourceTree = "<group>"; };
		06B50F621C71819E0009C888 /* YDChatUser.m */ = {isa = PBXFileReference; fileEncoding = 4; lastKnownFileType = sourcecode.c.objc; path = YDChatUser.m; sourceTree = "<group>"; };
		06B50F651C71AB900009C888 /* eiffeltower.jpg */ = {isa = PBXFileReference; lastKnownFileType = image.jpeg; path = eiffeltower.jpg; sourceTree = "<group>"; };
		06B50F661C71AB900009C888 /* Icon.png */ = {isa = PBXFileReference; lastKnownFileType = image.png; path = Icon.png; sourceTree = "<group>"; };
		06B50F671C71AB900009C888 /* Icon@2x.png */ = {isa = PBXFileReference; lastKnownFileType = image.png; path = "Icon@2x.png"; sourceTree = "<group>"; };
		06B50F681C71AB900009C888 /* me.png */ = {isa = PBXFileReference; lastKnownFileType = image.png; path = me.png; sourceTree = "<group>"; };
		06B50F691C71AB900009C888 /* me@2x.png */ = {isa = PBXFileReference; lastKnownFileType = image.png; path = "me@2x.png"; sourceTree = "<group>"; };
		06B50F6A1C71AB900009C888 /* mebubble.png */ = {isa = PBXFileReference; lastKnownFileType = image.png; path = mebubble.png; sourceTree = "<group>"; };
		06B50F6B1C71AB900009C888 /* mebubble@2x.png */ = {isa = PBXFileReference; lastKnownFileType = image.png; path = "mebubble@2x.png"; sourceTree = "<group>"; };
		06B50F6C1C71AB900009C888 /* metyping.png */ = {isa = PBXFileReference; lastKnownFileType = image.png; path = metyping.png; sourceTree = "<group>"; };
		06B50F6D1C71AB900009C888 /* metyping@2x.png */ = {isa = PBXFileReference; lastKnownFileType = image.png; path = "metyping@2x.png"; sourceTree = "<group>"; };
		06B50F6E1C71AB900009C888 /* noavatar.png */ = {isa = PBXFileReference; lastKnownFileType = image.png; path = noavatar.png; sourceTree = "<group>"; };
		06B50F6F1C71AB900009C888 /* noavatar@2x.png */ = {isa = PBXFileReference; lastKnownFileType = image.png; path = "noavatar@2x.png"; sourceTree = "<group>"; };
/* End PBXFileReference section */

/* Begin PBXFrameworksBuildPhase section */
		06545F561C70280E00F4F46E /* Frameworks */ = {
			isa = PBXFrameworksBuildPhase;
			buildActionMask = 2147483647;
			files = (
			);
			runOnlyForDeploymentPostprocessing = 0;
		};
/* End PBXFrameworksBuildPhase section */

/* Begin PBXGroup section */
		06545F501C70280E00F4F46E = {
			isa = PBXGroup;
			children = (
				06545F5B1C70280F00F4F46E /* YDChatApp */,
				06545F5A1C70280F00F4F46E /* Products */,
			);
			sourceTree = "<group>";
		};
		06545F5A1C70280F00F4F46E /* Products */ = {
			isa = PBXGroup;
			children = (
				06545F591C70280F00F4F46E /* YDChatApp.app */,
			);
			name = Products;
			sourceTree = "<group>";
		};
		06545F5B1C70280F00F4F46E /* YDChatApp */ = {
			isa = PBXGroup;
			children = (
				06B50F641C71AB900009C888 /* images */,
				06545F5F1C70280F00F4F46E /* AppDelegate.h */,
				06545F601C70280F00F4F46E /* AppDelegate.m */,
				06545F621C70280F00F4F46E /* ViewController.h */,
				06545F631C70280F00F4F46E /* ViewController.m */,
				06545F731C7028A100F4F46E /* YDChatTableViewDataSource.h */,
				06545F5C1C70280F00F4F46E /* Supporting Files */,
				06545F741C702A0E00F4F46E /* YDChatData.h */,
				06545F751C702A0E00F4F46E /* YDChatData.m */,
				06545F771C707C3000F4F46E /* YDChatTableView.h */,
				06545F781C707C3000F4F46E /* YDChatTableView.m */,
				06B50F5B1C7179190009C888 /* YDChatHeaderTableViewCell.h */,
				06B50F5C1C7179190009C888 /* YDChatHeaderTableViewCell.m */,
				06B50F5E1C717B7C0009C888 /* YDChatTableViewCell.h */,
				06B50F5F1C717B7C0009C888 /* YDChatTableViewCell.m */,
				06B50F611C71819E0009C888 /* YDChatUser.h */,
				06B50F621C71819E0009C888 /* YDChatUser.m */,
			);
			path = YDChatApp;
			sourceTree = "<group>";
		};
		06545F5C1C70280F00F4F46E /* Supporting Files */ = {
			isa = PBXGroup;
			children = (
				06545F681C70280F00F4F46E /* Assets.xcassets */,
				06545F6A1C70280F00F4F46E /* LaunchScreen.storyboard */,
				06545F6D1C70280F00F4F46E /* Info.plist */,
				06545F5D1C70280F00F4F46E /* main.m */,
			);
			name = "Supporting Files";
			sourceTree = "<group>";
		};
		06B50F641C71AB900009C888 /* images */ = {
			isa = PBXGroup;
			children = (
				06B50F651C71AB900009C888 /* eiffeltower.jpg */,
				06B50F661C71AB900009C888 /* Icon.png */,
				06B50F671C71AB900009C888 /* Icon@2x.png */,
				06B50F681C71AB900009C888 /* me.png */,
				06B50F691C71AB900009C888 /* me@2x.png */,
				06B50F6A1C71AB900009C888 /* mebubble.png */,
				06B50F6B1C71AB900009C888 /* mebubble@2x.png */,
				06B50F6C1C71AB900009C888 /* metyping.png */,
				06B50F6D1C71AB900009C888 /* metyping@2x.png */,
				06B50F6E1C71AB900009C888 /* noavatar.png */,
				06B50F6F1C71AB900009C888 /* noavatar@2x.png */,
			);
			path = images;
			sourceTree = "<group>";
		};
/* End PBXGroup section */

/* Begin PBXNativeTarget section */
		06545F581C70280E00F4F46E /* YDChatApp */ = {
			isa = PBXNativeTarget;
			buildConfigurationList = 06545F701C70280F00F4F46E /* Build configuration list for PBXNativeTarget "YDChatApp" */;
			buildPhases = (
				06545F551C70280E00F4F46E /* Sources */,
				06545F561C70280E00F4F46E /* Frameworks */,
				06545F571C70280E00F4F46E /* Resources */,
			);
			buildRules = (
			);
			dependencies = (
			);
			name = YDChatApp;
			productName = YDChatApp;
			productReference = 06545F591C70280F00F4F46E /* YDChatApp.app */;
			productType = "com.apple.product-type.application";
		};
/* End PBXNativeTarget section */

/* Begin PBXProject section */
		06545F511C70280E00F4F46E /* Project object */ = {
			isa = PBXProject;
			attributes = {
				LastUpgradeCheck = 0720;
				ORGANIZATIONNAME = dengtao;
				TargetAttributes = {
					06545F581C70280E00F4F46E = {
						CreatedOnToolsVersion = 7.2.1;
						DevelopmentTeam = 7BVKVAN753;
					};
				};
			};
			buildConfigurationList = 06545F541C70280E00F4F46E /* Build configuration list for PBXProject "YDChatApp" */;
			compatibilityVersion = "Xcode 3.2";
			developmentRegion = English;
			hasScannedForEncodings = 0;
			knownRegions = (
				en,
				Base,
			);
			mainGroup = 06545F501C70280E00F4F46E;
			productRefGroup = 06545F5A1C70280F00F4F46E /* Products */;
			projectDirPath = "";
			projectRoot = "";
			targets = (
				06545F581C70280E00F4F46E /* YDChatApp */,
			);
		};
/* End PBXProject section */

/* Begin PBXResourcesBuildPhase section */
		06545F571C70280E00F4F46E /* Resources */ = {
			isa = PBXResourcesBuildPhase;
			buildActionMask = 2147483647;
			files = (
				06B50F741C71AB900009C888 /* me@2x.png in Resources */,
				06B50F711C71AB900009C888 /* Icon.png in Resources */,
				06B50F771C71AB900009C888 /* metyping.png in Resources */,
				06B50F781C71AB900009C888 /* metyping@2x.png in Resources */,
				06545F6C1C70280F00F4F46E /* LaunchScreen.storyboard in Resources */,
				06B50F701C71AB900009C888 /* eiffeltower.jpg in Resources */,
				06B50F731C71AB900009C888 /* me.png in Resources */,
				06B50F791C71AB900009C888 /* noavatar.png in Resources */,
				06B50F761C71AB900009C888 /* mebubble@2x.png in Resources */,
				06B50F751C71AB900009C888 /* mebubble.png in Resources */,
				06B50F7A1C71AB900009C888 /* noavatar@2x.png in Resources */,
				06545F691C70280F00F4F46E /* Assets.xcassets in Resources */,
				06B50F721C71AB900009C888 /* Icon@2x.png in Resources */,
			);
			runOnlyForDeploymentPostprocessing = 0;
		};
/* End PBXResourcesBuildPhase section */

/* Begin PBXSourcesBuildPhase section */
		06545F551C70280E00F4F46E /* Sources */ = {
			isa = PBXSourcesBuildPhase;
			buildActionMask = 2147483647;
			files = (
				06B50F601C717B7C0009C888 /* YDChatTableViewCell.m in Sources */,
				06545F641C70280F00F4F46E /* ViewController.m in Sources */,
				06545F611C70280F00F4F46E /* AppDelegate.m in Sources */,
				06B50F631C71819E0009C888 /* YDChatUser.m in Sources */,
				06545F761C702A0E00F4F46E /* YDChatData.m in Sources */,
				06B50F5D1C7179190009C888 /* YDChatHeaderTableViewCell.m in Sources */,
				06545F5E1C70280F00F4F46E /* main.m in Sources */,
				06545F791C707C3000F4F46E /* YDChatTableView.m in Sources */,
			);
			runOnlyForDeploymentPostprocessing = 0;
		};
/* End PBXSourcesBuildPhase section */

/* Begin PBXVariantGroup section */
		06545F6A1C70280F00F4F46E /* LaunchScreen.storyboard */ = {
			isa = PBXVariantGroup;
			children = (
				06545F6B1C70280F00F4F46E /* Base */,
			);
			name = LaunchScreen.storyboard;
			sourceTree = "<group>";
		};
/* End PBXVariantGroup section */

/* Begin XCBuildConfiguration section */
		06545F6E1C70280F00F4F46E /* Debug */ = {
			isa = XCBuildConfiguration;
			buildSettings = {
				ALWAYS_SEARCH_USER_PATHS = NO;
				CLANG_CXX_LANGUAGE_STANDARD = "gnu++0x";
				CLANG_CXX_LIBRARY = "libc++";
				CLANG_ENABLE_MODULES = YES;
				CLANG_ENABLE_OBJC_ARC = YES;
				CLANG_WARN_BOOL_CONVERSION = YES;
				CLANG_WARN_CONSTANT_CONVERSION = YES;
				CLANG_WARN_DIRECT_OBJC_ISA_USAGE = YES_ERROR;
				CLANG_WARN_EMPTY_BODY = YES;
				CLANG_WARN_ENUM_CONVERSION = YES;
				CLANG_WARN_INT_CONVERSION = YES;
				CLANG_WARN_OBJC_ROOT_CLASS = YES_ERROR;
				CLANG_WARN_UNREACHABLE_CODE = YES;
				CLANG_WARN__DUPLICATE_METHOD_MATCH = YES;
				"CODE_SIGN_IDENTITY[sdk=iphoneos*]" = "iPhone Developer";
				COPY_PHASE_STRIP = NO;
				DEBUG_INFORMATION_FORMAT = dwarf;
				ENABLE_STRICT_OBJC_MSGSEND = YES;
				ENABLE_TESTABILITY = YES;
				GCC_C_LANGUAGE_STANDARD = gnu99;
				GCC_DYNAMIC_NO_PIC = NO;
				GCC_NO_COMMON_BLOCKS = YES;
				GCC_OPTIMIZATION_LEVEL = 0;
				GCC_PREPROCESSOR_DEFINITIONS = (
					"DEBUG=1",
					"$(inherited)",
				);
				GCC_WARN_64_TO_32_BIT_CONVERSION = YES;
				GCC_WARN_ABOUT_RETURN_TYPE = YES_ERROR;
				GCC_WARN_UNDECLARED_SELECTOR = YES;
				GCC_WARN_UNINITIALIZED_AUTOS = YES_AGGRESSIVE;
				GCC_WARN_UNUSED_FUNCTION = YES;
				GCC_WARN_UNUSED_VARIABLE = YES;
				IPHONEOS_DEPLOYMENT_TARGET = 9.2;
				MTL_ENABLE_DEBUG_INFO = YES;
				ONLY_ACTIVE_ARCH = YES;
				SDKROOT = iphoneos;
			};
			name = Debug;
		};
		06545F6F1C70280F00F4F46E /* Release */ = {
			isa = XCBuildConfiguration;
			buildSettings = {
				ALWAYS_SEARCH_USER_PATHS = NO;
				CLANG_CXX_LANGUAGE_STANDARD = "gnu++0x";
				CLANG_CXX_LIBRARY = "libc++";
				CLANG_ENABLE_MODULES = YES;
				CLANG_ENABLE_OBJC_ARC = YES;
				CLANG_WARN_BOOL_CONVERSION = YES;
				CLANG_WARN_CONSTANT_CONVERSION = YES;
				CLANG_WARN_DIRECT_OBJC_ISA_USAGE = YES_ERROR;
				CLANG_WARN_EMPTY_BODY = YES;
				CLANG_WARN_ENUM_CONVERSION = YES;
				CLANG_WARN_INT_CONVERSION = YES;
				CLANG_WARN_OBJC_ROOT_CLASS = YES_ERROR;
				CLANG_WARN_UNREACHABLE_CODE = YES;
				CLANG_WARN__DUPLICATE_METHOD_MATCH = YES;
				"CODE_SIGN_IDENTITY[sdk=iphoneos*]" = "iPhone Developer";
				COPY_PHASE_STRIP = NO;
				DEBUG_INFORMATION_FORMAT = "dwarf-with-dsym";
				ENABLE_NS_ASSERTIONS = NO;
				ENABLE_STRICT_OBJC_MSGSEND = YES;
				GCC_C_LANGUAGE_STANDARD = gnu99;
				GCC_NO_COMMON_BLOCKS = YES;
				GCC_WARN_64_TO_32_BIT_CONVERSION = YES;
				GCC_WARN_ABOUT_RETURN_TYPE = YES_ERROR;
				GCC_WARN_UNDECLARED_SELECTOR = YES;
				GCC_WARN_UNINITIALIZED_AUTOS = YES_AGGRESSIVE;
				GCC_WARN_UNUSED_FUNCTION = YES;
				GCC_WARN_UNUSED_VARIABLE = YES;
				IPHONEOS_DEPLOYMENT_TARGET = 9.2;
				MTL_ENABLE_DEBUG_INFO = NO;
				SDKROOT = iphoneos;
				VALIDATE_PRODUCT = YES;
			};
			name = Release;
		};
		06545F711C70280F00F4F46E /* Debug */ = {
			isa = XCBuildConfiguration;
			buildSettings = {
				ASSETCATALOG_COMPILER_APPICON_NAME = AppIcon;
				INFOPLIST_FILE = YDChatApp/Info.plist;
				IPHONEOS_DEPLOYMENT_TARGET = 7.0;
				LD_RUNPATH_SEARCH_PATHS = "$(inherited) @executable_path/Frameworks";
				PRODUCT_BUNDLE_IDENTIFIER = com.dengtao.YDChatApp;
				PRODUCT_NAME = "$(TARGET_NAME)";
			};
			name = Debug;
		};
		06545F721C70280F00F4F46E /* Release */ = {
			isa = XCBuildConfiguration;
			buildSettings = {
				ASSETCATALOG_COMPILER_APPICON_NAME = AppIcon;
				INFOPLIST_FILE = YDChatApp/Info.plist;
				IPHONEOS_DEPLOYMENT_TARGET = 7.0;
				LD_RUNPATH_SEARCH_PATHS = "$(inherited) @executable_path/Frameworks";
				PRODUCT_BUNDLE_IDENTIFIER = com.dengtao.YDChatApp;
				PRODUCT_NAME = "$(TARGET_NAME)";
			};
			name = Release;
		};
/* End XCBuildConfiguration section */

/* Begin XCConfigurationList section */
		06545F541C70280E00F4F46E /* Build configuration list for PBXProject "YDChatApp" */ = {
			isa = XCConfigurationList;
			buildConfigurations = (
				06545F6E1C70280F00F4F46E /* Debug */,
				06545F6F1C70280F00F4F46E /* Release */,
			);
			defaultConfigurationIsVisible = 0;
			defaultConfigurationName = Release;
		};
		06545F701C70280F00F4F46E /* Build configuration list for PBXNativeTarget "YDChatApp" */ = {
			isa = XCConfigurationList;
			buildConfigurations = (
				06545F711C70280F00F4F46E /* Debug */,
				06545F721C70280F00F4F46E /* Release */,
			);
			defaultConfigurationIsVisible = 0;
			defaultConfigurationName = Release;
		};
/* End XCConfigurationList section */
	};
	rootObject = 06545F511C70280E00F4F46E /* Project object */;
}
