// !$*UTF8*$!
{
	archiveVersion = 1;
	classes = {
	};
	objectVersion = 46;
	objects = {

/* Begin PBXBuildFile section */
		0686B38D1C71FAC1003DBEFF /* main.m in Sources */ = {isa = PBXBuildFile; fileRef = 0686B38C1C71FAC1003DBEFF /* main.m */; };
		0686B3901C71FAC1003DBEFF /* AppDelegate.m in Sources */ = {isa = PBXBuildFile; fileRef = 0686B38F1C71FAC1003DBEFF /* AppDelegate.m */; };
		0686B3931C71FAC1003DBEFF /* ViewController.m in Sources */ = {isa = PBXBuildFile; fileRef = 0686B3921C71FAC1003DBEFF /* ViewController.m */; };
		0686B3981C71FAC1003DBEFF /* Assets.xcassets in Resources */ = {isa = PBXBuildFile; fileRef = 0686B3971C71FAC1003DBEFF /* Assets.xcassets */; };
		0686B39B1C71FAC1003DBEFF /* LaunchScreen.storyboard in Resources */ = {isa = PBXBuildFile; fileRef = 0686B3991C71FAC1003DBEFF /* LaunchScreen.storyboard */; };
		0686B3A41C71FB17003DBEFF /* YDCar.m in Sources */ = {isa = PBXBuildFile; fileRef = 0686B3A31C71FB17003DBEFF /* YDCar.m */; };
		0686B3A71C71FC64003DBEFF /* YDSectionHeaderView.m in Sources */ = {isa = PBXBuildFile; fileRef = 0686B3A61C71FC64003DBEFF /* YDSectionHeaderView.m */; };
/* End PBXBuildFile section */

/* Begin PBXFileReference section */
		0686B3881C71FAC0003DBEFF /* YDDrillDown.app */ = {isa = PBXFileReference; explicitFileType = wrapper.application; includeInIndex = 0; path = YDDrillDown.app; sourceTree = BUILT_PRODUCTS_DIR; };
		0686B38C1C71FAC1003DBEFF /* main.m */ = {isa = PBXFileReference; lastKnownFileType = sourcecode.c.objc; path = main.m; sourceTree = "<group>"; };
		0686B38E1C71FAC1003DBEFF /* AppDelegate.h */ = {isa = PBXFileReference; lastKnownFileType = sourcecode.c.h; path = AppDelegate.h; sourceTree = "<group>"; };
		0686B38F1C71FAC1003DBEFF /* AppDelegate.m */ = {isa = PBXFileReference; lastKnownFileType = sourcecode.c.objc; path = AppDelegate.m; sourceTree = "<group>"; };
		0686B3911C71FAC1003DBEFF /* ViewController.h */ = {isa = PBXFileReference; lastKnownFileType = sourcecode.c.h; path = ViewController.h; sourceTree = "<group>"; };
		0686B3921C71FAC1003DBEFF /* ViewController.m */ = {isa = PBXFileReference; lastKnownFileType = sourcecode.c.objc; path = ViewController.m; sourceTree = "<group>"; };
		0686B3971C71FAC1003DBEFF /* Assets.xcassets */ = {isa = PBXFileReference; lastKnownFileType = folder.assetcatalog; path = Assets.xcassets; sourceTree = "<group>"; };
		0686B39A1C71FAC1003DBEFF /* Base */ = {isa = PBXFileReference; lastKnownFileType = file.storyboard; name = Base; path = Base.lproj/LaunchScreen.storyboard; sourceTree = "<group>"; };
		0686B39C1C71FAC1003DBEFF /* Info.plist */ = {isa = PBXFileReference; lastKnownFileType = text.plist.xml; path = Info.plist; sourceTree = "<group>"; };
		0686B3A21C71FB17003DBEFF /* YDCar.h */ = {isa = PBXFileReference; fileEncoding = 4; lastKnownFileType = sourcecode.c.h; path = YDCar.h; sourceTree = "<group>"; };
		0686B3A31C71FB17003DBEFF /* YDCar.m */ = {isa = PBXFileReference; fileEncoding = 4; lastKnownFileType = sourcecode.c.objc; path = YDCar.m; sourceTree = "<group>"; };
		0686B3A51C71FC64003DBEFF /* YDSectionHeaderView.h */ = {isa = PBXFileReference; fileEncoding = 4; lastKnownFileType = sourcecode.c.h; path = YDSectionHeaderView.h; sourceTree = "<group>"; };
		0686B3A61C71FC64003DBEFF /* YDSectionHeaderView.m */ = {isa = PBXFileReference; fileEncoding = 4; lastKnownFileType = sourcecode.c.objc; path = YDSectionHeaderView.m; sourceTree = "<group>"; };
/* End PBXFileReference section */

/* Begin PBXFrameworksBuildPhase section */
		0686B3851C71FAC0003DBEFF /* Frameworks */ = {
			isa = PBXFrameworksBuildPhase;
			buildActionMask = 2147483647;
			files = (
			);
			runOnlyForDeploymentPostprocessing = 0;
		};
/* End PBXFrameworksBuildPhase section */

/* Begin PBXGroup section */
		0686B37F1C71FAC0003DBEFF = {
			isa = PBXGroup;
			children = (
				0686B38A1C71FAC1003DBEFF /* YDDrillDown */,
				0686B3891C71FAC0003DBEFF /* Products */,
			);
			sourceTree = "<group>";
		};
		0686B3891C71FAC0003DBEFF /* Products */ = {
			isa = PBXGroup;
			children = (
				0686B3881C71FAC0003DBEFF /* YDDrillDown.app */,
			);
			name = Products;
			sourceTree = "<group>";
		};
		0686B38A1C71FAC1003DBEFF /* YDDrillDown */ = {
			isa = PBXGroup;
			children = (
				0686B38E1C71FAC1003DBEFF /* AppDelegate.h */,
				0686B38F1C71FAC1003DBEFF /* AppDelegate.m */,
				0686B3911C71FAC1003DBEFF /* ViewController.h */,
				0686B3921C71FAC1003DBEFF /* ViewController.m */,
				0686B38B1C71FAC1003DBEFF /* Supporting Files */,
				0686B3A21C71FB17003DBEFF /* YDCar.h */,
				0686B3A31C71FB17003DBEFF /* YDCar.m */,
				0686B3A51C71FC64003DBEFF /* YDSectionHeaderView.h */,
				0686B3A61C71FC64003DBEFF /* YDSectionHeaderView.m */,
			);
			path = YDDrillDown;
			sourceTree = "<group>";
		};
		0686B38B1C71FAC1003DBEFF /* Supporting Files */ = {
			isa = PBXGroup;
			children = (
				0686B3971C71FAC1003DBEFF /* Assets.xcassets */,
				0686B3991C71FAC1003DBEFF /* LaunchScreen.storyboard */,
				0686B39C1C71FAC1003DBEFF /* Info.plist */,
				0686B38C1C71FAC1003DBEFF /* main.m */,
			);
			name = "Supporting Files";
			sourceTree = "<group>";
		};
/* End PBXGroup section */

/* Begin PBXNativeTarget section */
		0686B3871C71FAC0003DBEFF /* YDDrillDown */ = {
			isa = PBXNativeTarget;
			buildConfigurationList = 0686B39F1C71FAC1003DBEFF /* Build configuration list for PBXNativeTarget "YDDrillDown" */;
			buildPhases = (
				0686B3841C71FAC0003DBEFF /* Sources */,
				0686B3851C71FAC0003DBEFF /* Frameworks */,
				0686B3861C71FAC0003DBEFF /* Resources */,
			);
			buildRules = (
			);
			dependencies = (
			);
			name = YDDrillDown;
			productName = YDDrillDown;
			productReference = 0686B3881C71FAC0003DBEFF /* YDDrillDown.app */;
			productType = "com.apple.product-type.application";
		};
/* End PBXNativeTarget section */

/* Begin PBXProject section */
		0686B3801C71FAC0003DBEFF /* Project object */ = {
			isa = PBXProject;
			attributes = {
				LastUpgradeCheck = 0720;
				ORGANIZATIONNAME = dengtao;
				TargetAttributes = {
					0686B3871C71FAC0003DBEFF = {
						CreatedOnToolsVersion = 7.2.1;
						DevelopmentTeam = 7BVKVAN753;
					};
				};
			};
			buildConfigurationList = 0686B3831C71FAC0003DBEFF /* Build configuration list for PBXProject "YDDrillDown" */;
			compatibilityVersion = "Xcode 3.2";
			developmentRegion = English;
			hasScannedForEncodings = 0;
			knownRegions = (
				en,
				Base,
			);
			mainGroup = 0686B37F1C71FAC0003DBEFF;
			productRefGroup = 0686B3891C71FAC0003DBEFF /* Products */;
			projectDirPath = "";
			projectRoot = "";
			targets = (
				0686B3871C71FAC0003DBEFF /* YDDrillDown */,
			);
		};
/* End PBXProject section */

/* Begin PBXResourcesBuildPhase section */
		0686B3861C71FAC0003DBEFF /* Resources */ = {
			isa = PBXResourcesBuildPhase;
			buildActionMask = 2147483647;
			files = (
				0686B39B1C71FAC1003DBEFF /* LaunchScreen.storyboard in Resources */,
				0686B3981C71FAC1003DBEFF /* Assets.xcassets in Resources */,
			);
			runOnlyForDeploymentPostprocessing = 0;
		};
/* End PBXResourcesBuildPhase section */

/* Begin PBXSourcesBuildPhase section */
		0686B3841C71FAC0003DBEFF /* Sources */ = {
			isa = PBXSourcesBuildPhase;
			buildActionMask = 2147483647;
			files = (
				0686B3931C71FAC1003DBEFF /* ViewController.m in Sources */,
				0686B3A41C71FB17003DBEFF /* YDCar.m in Sources */,
				0686B3901C71FAC1003DBEFF /* AppDelegate.m in Sources */,
				0686B38D1C71FAC1003DBEFF /* main.m in Sources */,
				0686B3A71C71FC64003DBEFF /* YDSectionHeaderView.m in Sources */,
			);
			runOnlyForDeploymentPostprocessing = 0;
		};
/* End PBXSourcesBuildPhase section */

/* Begin PBXVariantGroup section */
		0686B3991C71FAC1003DBEFF /* LaunchScreen.storyboard */ = {
			isa = PBXVariantGroup;
			children = (
				0686B39A1C71FAC1003DBEFF /* Base */,
			);
			name = LaunchScreen.storyboard;
			sourceTree = "<group>";
		};
/* End PBXVariantGroup section */

/* Begin XCBuildConfiguration section */
		0686B39D1C71FAC1003DBEFF /* Debug */ = {
			isa = XCBuildConfiguration;
			buildSettings = {
				ALWAYS_SEARCH_USER_PATHS = NO;
				CLANG_CXX_LANGUAGE_STANDARD = "gnu++0x";
				CLANG_CXX_LIBRARY = "libc++";
				CLANG_ENABLE_MODULES = YES;
				CLANG_ENABLE_OBJC_ARC = YES;
				CLANG_WARN_BOOL_CONVERSION = YES;
				CLANG_WARN_CONSTANT_CONVERSION = YES;
				CLANG_WARN_DIRECT_OBJC_ISA_USAGE = YES_ERROR;
				CLANG_WARN_EMPTY_BODY = YES;
				CLANG_WARN_ENUM_CONVERSION = YES;
				CLANG_WARN_INT_CONVERSION = YES;
				CLANG_WARN_OBJC_ROOT_CLASS = YES_ERROR;
				CLANG_WARN_UNREACHABLE_CODE = YES;
				CLANG_WARN__DUPLICATE_METHOD_MATCH = YES;
				"CODE_SIGN_IDENTITY[sdk=iphoneos*]" = "iPhone Developer";
				COPY_PHASE_STRIP = NO;
				DEBUG_INFORMATION_FORMAT = dwarf;
				ENABLE_STRICT_OBJC_MSGSEND = YES;
				ENABLE_TESTABILITY = YES;
				GCC_C_LANGUAGE_STANDARD = gnu99;
				GCC_DYNAMIC_NO_PIC = NO;
				GCC_NO_COMMON_BLOCKS = YES;
				GCC_OPTIMIZATION_LEVEL = 0;
				GCC_PREPROCESSOR_DEFINITIONS = (
					"DEBUG=1",
					"$(inherited)",
				);
				GCC_WARN_64_TO_32_BIT_CONVERSION = YES;
				GCC_WARN_ABOUT_RETURN_TYPE = YES_ERROR;
				GCC_WARN_UNDECLARED_SELECTOR = YES;
				GCC_WARN_UNINITIALIZED_AUTOS = YES_AGGRESSIVE;
				GCC_WARN_UNUSED_FUNCTION = YES;
				GCC_WARN_UNUSED_VARIABLE = YES;
				IPHONEOS_DEPLOYMENT_TARGET = 9.2;
				MTL_ENABLE_DEBUG_INFO = YES;
				ONLY_ACTIVE_ARCH = YES;
				SDKROOT = iphoneos;
			};
			name = Debug;
		};
		0686B39E1C71FAC1003DBEFF /* Release */ = {
			isa = XCBuildConfiguration;
			buildSettings = {
				ALWAYS_SEARCH_USER_PATHS = NO;
				CLANG_CXX_LANGUAGE_STANDARD = "gnu++0x";
				CLANG_CXX_LIBRARY = "libc++";
				CLANG_ENABLE_MODULES = YES;
				CLANG_ENABLE_OBJC_ARC = YES;
				CLANG_WARN_BOOL_CONVERSION = YES;
				CLANG_WARN_CONSTANT_CONVERSION = YES;
				CLANG_WARN_DIRECT_OBJC_ISA_USAGE = YES_ERROR;
				CLANG_WARN_EMPTY_BODY = YES;
				CLANG_WARN_ENUM_CONVERSION = YES;
				CLANG_WARN_INT_CONVERSION = YES;
				CLANG_WARN_OBJC_ROOT_CLASS = YES_ERROR;
				CLANG_WARN_UNREACHABLE_CODE = YES;
				CLANG_WARN__DUPLICATE_METHOD_MATCH = YES;
				"CODE_SIGN_IDENTITY[sdk=iphoneos*]" = "iPhone Developer";
				COPY_PHASE_STRIP = NO;
				DEBUG_INFORMATION_FORMAT = "dwarf-with-dsym";
				ENABLE_NS_ASSERTIONS = NO;
				ENABLE_STRICT_OBJC_MSGSEND = YES;
				GCC_C_LANGUAGE_STANDARD = gnu99;
				GCC_NO_COMMON_BLOCKS = YES;
				GCC_WARN_64_TO_32_BIT_CONVERSION = YES;
				GCC_WARN_ABOUT_RETURN_TYPE = YES_ERROR;
				GCC_WARN_UNDECLARED_SELECTOR = YES;
				GCC_WARN_UNINITIALIZED_AUTOS = YES_AGGRESSIVE;
				GCC_WARN_UNUSED_FUNCTION = YES;
				GCC_WARN_UNUSED_VARIABLE = YES;
				IPHONEOS_DEPLOYMENT_TARGET = 9.2;
				MTL_ENABLE_DEBUG_INFO = NO;
				SDKROOT = iphoneos;
				VALIDATE_PRODUCT = YES;
			};
			name = Release;
		};
		0686B3A01C71FAC1003DBEFF /* Debug */ = {
			isa = XCBuildConfiguration;
			buildSettings = {
				ASSETCATALOG_COMPILER_APPICON_NAME = AppIcon;
				INFOPLIST_FILE = YDDrillDown/Info.plist;
				LD_RUNPATH_SEARCH_PATHS = "$(inherited) @executable_path/Frameworks";
				PRODUCT_BUNDLE_IDENTIFIER = com.dengtao.YDDrillDown;
				PRODUCT_NAME = "$(TARGET_NAME)";
			};
			name = Debug;
		};
		0686B3A11C71FAC1003DBEFF /* Release */ = {
			isa = XCBuildConfiguration;
			buildSettings = {
				ASSETCATALOG_COMPILER_APPICON_NAME = AppIcon;
				INFOPLIST_FILE = YDDrillDown/Info.plist;
				LD_RUNPATH_SEARCH_PATHS = "$(inherited) @executable_path/Frameworks";
				PRODUCT_BUNDLE_IDENTIFIER = com.dengtao.YDDrillDown;
				PRODUCT_NAME = "$(TARGET_NAME)";
			};
			name = Release;
		};
/* End XCBuildConfiguration section */

/* Begin XCConfigurationList section */
		0686B3831C71FAC0003DBEFF /* Build configuration list for PBXProject "YDDrillDown" */ = {
			isa = XCConfigurationList;
			buildConfigurations = (
				0686B39D1C71FAC1003DBEFF /* Debug */,
				0686B39E1C71FAC1003DBEFF /* Release */,
			);
			defaultConfigurationIsVisible = 0;
			defaultConfigurationName = Release;
		};
		0686B39F1C71FAC1003DBEFF /* Build configuration list for PBXNativeTarget "YDDrillDown" */ = {
			isa = XCConfigurationList;
			buildConfigurations = (
				0686B3A01C71FAC1003DBEFF /* Debug */,
				0686B3A11C71FAC1003DBEFF /* Release */,
			);
			defaultConfigurationIsVisible = 0;
		};
/* End XCConfigurationList section */
	};
	rootObject = 0686B3801C71FAC0003DBEFF /* Project object */;
}
