// !$*UTF8*$!
{
	archiveVersion = 1;
	classes = {
	};
	objectVersion = 46;
	objects = {

/* Begin PBXBuildFile section */
		061F6AD31C6B36010022067C /* KeychainItemWrapper.m in Sources */ = {isa = PBXBuildFile; fileRef = 061F6AD21C6B36010022067C /* KeychainItemWrapper.m */; settings = {COMPILER_FLAGS = "-fno-objc-arc"; }; };
		061F6AD61C6B3E040022067C /* YDLoginViewController.m in Sources */ = {isa = PBXBuildFile; fileRef = 061F6AD51C6B3E040022067C /* YDLoginViewController.m */; };
		061F6AD91C6B57970022067C /* NSString+MD5.m in Sources */ = {isa = PBXBuildFile; fileRef = 061F6AD81C6B57970022067C /* NSString+MD5.m */; };
		061F6ADC1C6B5AB80022067C /* YDCrashHandler.m in Sources */ = {isa = PBXBuildFile; fileRef = 061F6ADB1C6B5AB80022067C /* YDCrashHandler.m */; };
		06F0C0A21C61CD4C00DB032D /* main.m in Sources */ = {isa = PBXBuildFile; fileRef = 06F0C0A11C61CD4C00DB032D /* main.m */; };
		06F0C0A51C61CD4C00DB032D /* AppDelegate.m in Sources */ = {isa = PBXBuildFile; fileRef = 06F0C0A41C61CD4C00DB032D /* AppDelegate.m */; };
		06F0C0A81C61CD4C00DB032D /* ViewController.m in Sources */ = {isa = PBXBuildFile; fileRef = 06F0C0A71C61CD4C00DB032D /* ViewController.m */; };
		06F0C0AB1C61CD4C00DB032D /* Main.storyboard in Resources */ = {isa = PBXBuildFile; fileRef = 06F0C0A91C61CD4C00DB032D /* Main.storyboard */; };
		06F0C0AD1C61CD4C00DB032D /* Assets.xcassets in Resources */ = {isa = PBXBuildFile; fileRef = 06F0C0AC1C61CD4C00DB032D /* Assets.xcassets */; };
		06F0C0B01C61CD4C00DB032D /* LaunchScreen.storyboard in Resources */ = {isa = PBXBuildFile; fileRef = 06F0C0AE1C61CD4C00DB032D /* LaunchScreen.storyboard */; };
		06F0C0C81C61D44F00DB032D /* YDConfigurationHelper.m in Sources */ = {isa = PBXBuildFile; fileRef = 06F0C0C71C61D44F00DB032D /* YDConfigurationHelper.m */; };
		06F0C0CC1C61EE0E00DB032D /* YDRegistrationViewController.m in Sources */ = {isa = PBXBuildFile; fileRef = 06F0C0CB1C61EE0E00DB032D /* YDRegistrationViewController.m */; };
		06F0C0CE1C62045E00DB032D /* Security.framework in Frameworks */ = {isa = PBXBuildFile; fileRef = 06F0C0CD1C62045E00DB032D /* Security.framework */; };
/* End PBXBuildFile section */

/* Begin PBXFileReference section */
		061F6AD11C6B36010022067C /* KeychainItemWrapper.h */ = {isa = PBXFileReference; fileEncoding = 4; lastKnownFileType = sourcecode.c.h; path = KeychainItemWrapper.h; sourceTree = "<group>"; };
		061F6AD21C6B36010022067C /* KeychainItemWrapper.m */ = {isa = PBXFileReference; fileEncoding = 4; lastKnownFileType = sourcecode.c.objc; path = KeychainItemWrapper.m; sourceTree = "<group>"; };
		061F6AD41C6B3E040022067C /* YDLoginViewController.h */ = {isa = PBXFileReference; fileEncoding = 4; lastKnownFileType = sourcecode.c.h; path = YDLoginViewController.h; sourceTree = "<group>"; };
		061F6AD51C6B3E040022067C /* YDLoginViewController.m */ = {isa = PBXFileReference; fileEncoding = 4; lastKnownFileType = sourcecode.c.objc; path = YDLoginViewController.m; sourceTree = "<group>"; };
		061F6AD71C6B57970022067C /* NSString+MD5.h */ = {isa = PBXFileReference; fileEncoding = 4; lastKnownFileType = sourcecode.c.h; path = "NSString+MD5.h"; sourceTree = "<group>"; };
		061F6AD81C6B57970022067C /* NSString+MD5.m */ = {isa = PBXFileReference; fileEncoding = 4; lastKnownFileType = sourcecode.c.objc; path = "NSString+MD5.m"; sourceTree = "<group>"; };
		061F6ADA1C6B5AB80022067C /* YDCrashHandler.h */ = {isa = PBXFileReference; fileEncoding = 4; lastKnownFileType = sourcecode.c.h; path = YDCrashHandler.h; sourceTree = "<group>"; };
		061F6ADB1C6B5AB80022067C /* YDCrashHandler.m */ = {isa = PBXFileReference; fileEncoding = 4; lastKnownFileType = sourcecode.c.objc; path = YDCrashHandler.m; sourceTree = "<group>"; };
		06F0C09D1C61CD4C00DB032D /* MyPersonalLibrary.app */ = {isa = PBXFileReference; explicitFileType = wrapper.application; includeInIndex = 0; path = MyPersonalLibrary.app; sourceTree = BUILT_PRODUCTS_DIR; };
		06F0C0A11C61CD4C00DB032D /* main.m */ = {isa = PBXFileReference; lastKnownFileType = sourcecode.c.objc; path = main.m; sourceTree = "<group>"; };
		06F0C0A31C61CD4C00DB032D /* AppDelegate.h */ = {isa = PBXFileReference; lastKnownFileType = sourcecode.c.h; path = AppDelegate.h; sourceTree = "<group>"; };
		06F0C0A41C61CD4C00DB032D /* AppDelegate.m */ = {isa = PBXFileReference; lastKnownFileType = sourcecode.c.objc; path = AppDelegate.m; sourceTree = "<group>"; };
		06F0C0A61C61CD4C00DB032D /* ViewController.h */ = {isa = PBXFileReference; lastKnownFileType = sourcecode.c.h; path = ViewController.h; sourceTree = "<group>"; };
		06F0C0A71C61CD4C00DB032D /* ViewController.m */ = {isa = PBXFileReference; lastKnownFileType = sourcecode.c.objc; path = ViewController.m; sourceTree = "<group>"; };
		06F0C0AA1C61CD4C00DB032D /* Base */ = {isa = PBXFileReference; lastKnownFileType = file.storyboard; name = Base; path = Base.lproj/Main.storyboard; sourceTree = "<group>"; };
		06F0C0AC1C61CD4C00DB032D /* Assets.xcassets */ = {isa = PBXFileReference; lastKnownFileType = folder.assetcatalog; path = Assets.xcassets; sourceTree = "<group>"; };
		06F0C0AF1C61CD4C00DB032D /* Base */ = {isa = PBXFileReference; lastKnownFileType = file.storyboard; name = Base; path = Base.lproj/LaunchScreen.storyboard; sourceTree = "<group>"; };
		06F0C0B11C61CD4C00DB032D /* Info.plist */ = {isa = PBXFileReference; lastKnownFileType = text.plist.xml; path = Info.plist; sourceTree = "<group>"; };
		06F0C0C51C61CF8F00DB032D /* YDConstants.h */ = {isa = PBXFileReference; fileEncoding = 4; lastKnownFileType = sourcecode.c.h; path = YDConstants.h; sourceTree = "<group>"; };
		06F0C0C61C61D44F00DB032D /* YDConfigurationHelper.h */ = {isa = PBXFileReference; fileEncoding = 4; lastKnownFileType = sourcecode.c.h; path = YDConfigurationHelper.h; sourceTree = "<group>"; };
		06F0C0C71C61D44F00DB032D /* YDConfigurationHelper.m */ = {isa = PBXFileReference; fileEncoding = 4; lastKnownFileType = sourcecode.c.objc; path = YDConfigurationHelper.m; sourceTree = "<group>"; };
		06F0C0C91C61DA3400DB032D /* MyPersonalLibrary-Prefix.pch */ = {isa = PBXFileReference; fileEncoding = 4; lastKnownFileType = sourcecode.c.h; path = "MyPersonalLibrary-Prefix.pch"; sourceTree = "<group>"; };
		06F0C0CA1C61EE0E00DB032D /* YDRegistrationViewController.h */ = {isa = PBXFileReference; fileEncoding = 4; lastKnownFileType = sourcecode.c.h; path = YDRegistrationViewController.h; sourceTree = "<group>"; };
		06F0C0CB1C61EE0E00DB032D /* YDRegistrationViewController.m */ = {isa = PBXFileReference; fileEncoding = 4; lastKnownFileType = sourcecode.c.objc; path = YDRegistrationViewController.m; sourceTree = "<group>"; };
		06F0C0CD1C62045E00DB032D /* Security.framework */ = {isa = PBXFileReference; lastKnownFileType = wrapper.framework; name = Security.framework; path = System/Library/Frameworks/Security.framework; sourceTree = SDKROOT; };
/* End PBXFileReference section */

/* Begin PBXFrameworksBuildPhase section */
		06F0C09A1C61CD4C00DB032D /* Frameworks */ = {
			isa = PBXFrameworksBuildPhase;
			buildActionMask = 2147483647;
			files = (
				06F0C0CE1C62045E00DB032D /* Security.framework in Frameworks */,
			);
			runOnlyForDeploymentPostprocessing = 0;
		};
/* End PBXFrameworksBuildPhase section */

/* Begin PBXGroup section */
		061F6ACF1C6B35460022067C /* libs */ = {
			isa = PBXGroup;
			children = (
				06F0C0CD1C62045E00DB032D /* Security.framework */,
			);
			name = libs;
			sourceTree = "<group>";
		};
		061F6AD01C6B36010022067C /* keychain */ = {
			isa = PBXGroup;
			children = (
				061F6AD11C6B36010022067C /* KeychainItemWrapper.h */,
				061F6AD21C6B36010022067C /* KeychainItemWrapper.m */,
			);
			path = keychain;
			sourceTree = "<group>";
		};
		06F0C0941C61CD4C00DB032D = {
			isa = PBXGroup;
			children = (
				06F0C09F1C61CD4C00DB032D /* MyPersonalLibrary */,
				06F0C09E1C61CD4C00DB032D /* Products */,
			);
			sourceTree = "<group>";
		};
		06F0C09E1C61CD4C00DB032D /* Products */ = {
			isa = PBXGroup;
			children = (
				06F0C09D1C61CD4C00DB032D /* MyPersonalLibrary.app */,
			);
			name = Products;
			sourceTree = "<group>";
		};
		06F0C09F1C61CD4C00DB032D /* MyPersonalLibrary */ = {
			isa = PBXGroup;
			children = (
				06F0C0BE1C61CEFC00DB032D /* Categories */,
				06F0C0BF1C61CEFC00DB032D /* CrashHandler */,
				06F0C0C01C61CEFC00DB032D /* Definitions */,
				06F0C0C11C61CEFC00DB032D /* Externals */,
				06F0C0C21C61CEFC00DB032D /* Helpers */,
				06F0C0C31C61CEFC00DB032D /* Images */,
				06F0C0C41C61CEFC00DB032D /* VC */,
				06F0C0A31C61CD4C00DB032D /* AppDelegate.h */,
				06F0C0A41C61CD4C00DB032D /* AppDelegate.m */,
				06F0C0A61C61CD4C00DB032D /* ViewController.h */,
				06F0C0A71C61CD4C00DB032D /* ViewController.m */,
				06F0C0A91C61CD4C00DB032D /* Main.storyboard */,
				06F0C0AC1C61CD4C00DB032D /* Assets.xcassets */,
				06F0C0AE1C61CD4C00DB032D /* LaunchScreen.storyboard */,
				06F0C0B11C61CD4C00DB032D /* Info.plist */,
				06F0C0A01C61CD4C00DB032D /* Supporting Files */,
			);
			path = MyPersonalLibrary;
			sourceTree = "<group>";
		};
		06F0C0A01C61CD4C00DB032D /* Supporting Files */ = {
			isa = PBXGroup;
			children = (
				061F6ACF1C6B35460022067C /* libs */,
				06F0C0A11C61CD4C00DB032D /* main.m */,
				06F0C0C91C61DA3400DB032D /* MyPersonalLibrary-Prefix.pch */,
			);
			name = "Supporting Files";
			sourceTree = "<group>";
		};
		06F0C0BE1C61CEFC00DB032D /* Categories */ = {
			isa = PBXGroup;
			children = (
				061F6AD71C6B57970022067C /* NSString+MD5.h */,
				061F6AD81C6B57970022067C /* NSString+MD5.m */,
			);
			path = Categories;
			sourceTree = "<group>";
		};
		06F0C0BF1C61CEFC00DB032D /* CrashHandler */ = {
			isa = PBXGroup;
			children = (
				061F6ADA1C6B5AB80022067C /* YDCrashHandler.h */,
				061F6ADB1C6B5AB80022067C /* YDCrashHandler.m */,
			);
			path = CrashHandler;
			sourceTree = "<group>";
		};
		06F0C0C01C61CEFC00DB032D /* Definitions */ = {
			isa = PBXGroup;
			children = (
				06F0C0C51C61CF8F00DB032D /* YDConstants.h */,
			);
			path = Definitions;
			sourceTree = "<group>";
		};
		06F0C0C11C61CEFC00DB032D /* Externals */ = {
			isa = PBXGroup;
			children = (
				061F6AD01C6B36010022067C /* keychain */,
			);
			path = Externals;
			sourceTree = "<group>";
		};
		06F0C0C21C61CEFC00DB032D /* Helpers */ = {
			isa = PBXGroup;
			children = (
				06F0C0C61C61D44F00DB032D /* YDConfigurationHelper.h */,
				06F0C0C71C61D44F00DB032D /* YDConfigurationHelper.m */,
			);
			path = Helpers;
			sourceTree = "<group>";
		};
		06F0C0C31C61CEFC00DB032D /* Images */ = {
			isa = PBXGroup;
			children = (
			);
			path = Images;
			sourceTree = "<group>";
		};
		06F0C0C41C61CEFC00DB032D /* VC */ = {
			isa = PBXGroup;
			children = (
				06F0C0CA1C61EE0E00DB032D /* YDRegistrationViewController.h */,
				06F0C0CB1C61EE0E00DB032D /* YDRegistrationViewController.m */,
				061F6AD41C6B3E040022067C /* YDLoginViewController.h */,
				061F6AD51C6B3E040022067C /* YDLoginViewController.m */,
			);
			path = VC;
			sourceTree = "<group>";
		};
/* End PBXGroup section */

/* Begin PBXNativeTarget section */
		06F0C09C1C61CD4C00DB032D /* MyPersonalLibrary */ = {
			isa = PBXNativeTarget;
			buildConfigurationList = 06F0C0B41C61CD4C00DB032D /* Build configuration list for PBXNativeTarget "MyPersonalLibrary" */;
			buildPhases = (
				06F0C0991C61CD4C00DB032D /* Sources */,
				06F0C09A1C61CD4C00DB032D /* Frameworks */,
				06F0C09B1C61CD4C00DB032D /* Resources */,
			);
			buildRules = (
			);
			dependencies = (
			);
			name = MyPersonalLibrary;
			productName = MyPersonalLibrary;
			productReference = 06F0C09D1C61CD4C00DB032D /* MyPersonalLibrary.app */;
			productType = "com.apple.product-type.application";
		};
/* End PBXNativeTarget section */

/* Begin PBXProject section */
		06F0C0951C61CD4C00DB032D /* Project object */ = {
			isa = PBXProject;
			attributes = {
				LastUpgradeCheck = 0720;
				ORGANIZATIONNAME = dt;
				TargetAttributes = {
					06F0C09C1C61CD4C00DB032D = {
						CreatedOnToolsVersion = 7.2;
					};
				};
			};
			buildConfigurationList = 06F0C0981C61CD4C00DB032D /* Build configuration list for PBXProject "MyPersonalLibrary" */;
			compatibilityVersion = "Xcode 3.2";
			developmentRegion = English;
			hasScannedForEncodings = 0;
			knownRegions = (
				en,
				Base,
			);
			mainGroup = 06F0C0941C61CD4C00DB032D;
			productRefGroup = 06F0C09E1C61CD4C00DB032D /* Products */;
			projectDirPath = "";
			projectRoot = "";
			targets = (
				06F0C09C1C61CD4C00DB032D /* MyPersonalLibrary */,
			);
		};
/* End PBXProject section */

/* Begin PBXResourcesBuildPhase section */
		06F0C09B1C61CD4C00DB032D /* Resources */ = {
			isa = PBXResourcesBuildPhase;
			buildActionMask = 2147483647;
			files = (
				06F0C0B01C61CD4C00DB032D /* LaunchScreen.storyboard in Resources */,
				06F0C0AD1C61CD4C00DB032D /* Assets.xcassets in Resources */,
				06F0C0AB1C61CD4C00DB032D /* Main.storyboard in Resources */,
			);
			runOnlyForDeploymentPostprocessing = 0;
		};
/* End PBXResourcesBuildPhase section */

/* Begin PBXSourcesBuildPhase section */
		06F0C0991C61CD4C00DB032D /* Sources */ = {
			isa = PBXSourcesBuildPhase;
			buildActionMask = 2147483647;
			files = (
				06F0C0A81C61CD4C00DB032D /* ViewController.m in Sources */,
				06F0C0A51C61CD4C00DB032D /* AppDelegate.m in Sources */,
				061F6AD91C6B57970022067C /* NSString+MD5.m in Sources */,
				061F6AD31C6B36010022067C /* KeychainItemWrapper.m in Sources */,
				061F6AD61C6B3E040022067C /* YDLoginViewController.m in Sources */,
				06F0C0A21C61CD4C00DB032D /* main.m in Sources */,
				061F6ADC1C6B5AB80022067C /* YDCrashHandler.m in Sources */,
				06F0C0C81C61D44F00DB032D /* YDConfigurationHelper.m in Sources */,
				06F0C0CC1C61EE0E00DB032D /* YDRegistrationViewController.m in Sources */,
			);
			runOnlyForDeploymentPostprocessing = 0;
		};
/* End PBXSourcesBuildPhase section */

/* Begin PBXVariantGroup section */
		06F0C0A91C61CD4C00DB032D /* Main.storyboard */ = {
			isa = PBXVariantGroup;
			children = (
				06F0C0AA1C61CD4C00DB032D /* Base */,
			);
			name = Main.storyboard;
			sourceTree = "<group>";
		};
		06F0C0AE1C61CD4C00DB032D /* LaunchScreen.storyboard */ = {
			isa = PBXVariantGroup;
			children = (
				06F0C0AF1C61CD4C00DB032D /* Base */,
			);
			name = LaunchScreen.storyboard;
			sourceTree = "<group>";
		};
/* End PBXVariantGroup section */

/* Begin XCBuildConfiguration section */
		06F0C0B21C61CD4C00DB032D /* Debug */ = {
			isa = XCBuildConfiguration;
			buildSettings = {
				ALWAYS_SEARCH_USER_PATHS = NO;
				CLANG_CXX_LANGUAGE_STANDARD = "gnu++0x";
				CLANG_CXX_LIBRARY = "libc++";
				CLANG_ENABLE_MODULES = YES;
				CLANG_ENABLE_OBJC_ARC = YES;
				CLANG_WARN_BOOL_CONVERSION = YES;
				CLANG_WARN_CONSTANT_CONVERSION = YES;
				CLANG_WARN_DIRECT_OBJC_ISA_USAGE = YES_ERROR;
				CLANG_WARN_EMPTY_BODY = YES;
				CLANG_WARN_ENUM_CONVERSION = YES;
				CLANG_WARN_INT_CONVERSION = YES;
				CLANG_WARN_OBJC_ROOT_CLASS = YES_ERROR;
				CLANG_WARN_UNREACHABLE_CODE = YES;
				CLANG_WARN__DUPLICATE_METHOD_MATCH = YES;
				"CODE_SIGN_IDENTITY[sdk=iphoneos*]" = "iPhone Developer";
				COPY_PHASE_STRIP = NO;
				DEBUG_INFORMATION_FORMAT = dwarf;
				ENABLE_STRICT_OBJC_MSGSEND = YES;
				ENABLE_TESTABILITY = YES;
				GCC_C_LANGUAGE_STANDARD = gnu99;
				GCC_DYNAMIC_NO_PIC = NO;
				GCC_NO_COMMON_BLOCKS = YES;
				GCC_OPTIMIZATION_LEVEL = 0;
				GCC_PREPROCESSOR_DEFINITIONS = (
					"DEBUG=1",
					"$(inherited)",
				);
				GCC_WARN_64_TO_32_BIT_CONVERSION = YES;
				GCC_WARN_ABOUT_RETURN_TYPE = YES_ERROR;
				GCC_WARN_UNDECLARED_SELECTOR = YES;
				GCC_WARN_UNINITIALIZED_AUTOS = YES_AGGRESSIVE;
				GCC_WARN_UNUSED_FUNCTION = YES;
				GCC_WARN_UNUSED_VARIABLE = YES;
				IPHONEOS_DEPLOYMENT_TARGET = 9.2;
				MTL_ENABLE_DEBUG_INFO = YES;
				ONLY_ACTIVE_ARCH = YES;
				SDKROOT = iphoneos;
			};
			name = Debug;
		};
		06F0C0B31C61CD4C00DB032D /* Release */ = {
			isa = XCBuildConfiguration;
			buildSettings = {
				ALWAYS_SEARCH_USER_PATHS = NO;
				CLANG_CXX_LANGUAGE_STANDARD = "gnu++0x";
				CLANG_CXX_LIBRARY = "libc++";
				CLANG_ENABLE_MODULES = YES;
				CLANG_ENABLE_OBJC_ARC = YES;
				CLANG_WARN_BOOL_CONVERSION = YES;
				CLANG_WARN_CONSTANT_CONVERSION = YES;
				CLANG_WARN_DIRECT_OBJC_ISA_USAGE = YES_ERROR;
				CLANG_WARN_EMPTY_BODY = YES;
				CLANG_WARN_ENUM_CONVERSION = YES;
				CLANG_WARN_INT_CONVERSION = YES;
				CLANG_WARN_OBJC_ROOT_CLASS = YES_ERROR;
				CLANG_WARN_UNREACHABLE_CODE = YES;
				CLANG_WARN__DUPLICATE_METHOD_MATCH = YES;
				"CODE_SIGN_IDENTITY[sdk=iphoneos*]" = "iPhone Developer";
				COPY_PHASE_STRIP = NO;
				DEBUG_INFORMATION_FORMAT = "dwarf-with-dsym";
				ENABLE_NS_ASSERTIONS = NO;
				ENABLE_STRICT_OBJC_MSGSEND = YES;
				GCC_C_LANGUAGE_STANDARD = gnu99;
				GCC_NO_COMMON_BLOCKS = YES;
				GCC_WARN_64_TO_32_BIT_CONVERSION = YES;
				GCC_WARN_ABOUT_RETURN_TYPE = YES_ERROR;
				GCC_WARN_UNDECLARED_SELECTOR = YES;
				GCC_WARN_UNINITIALIZED_AUTOS = YES_AGGRESSIVE;
				GCC_WARN_UNUSED_FUNCTION = YES;
				GCC_WARN_UNUSED_VARIABLE = YES;
				IPHONEOS_DEPLOYMENT_TARGET = 9.2;
				MTL_ENABLE_DEBUG_INFO = NO;
				SDKROOT = iphoneos;
				VALIDATE_PRODUCT = YES;
			};
			name = Release;
		};
		06F0C0B51C61CD4C00DB032D /* Debug */ = {
			isa = XCBuildConfiguration;
			buildSettings = {
				ASSETCATALOG_COMPILER_APPICON_NAME = AppIcon;
				GCC_PRECOMPILE_PREFIX_HEADER = NO;
				GCC_PREFIX_HEADER = "${SRCROOT}/MyPersonalLibrary/MyPersonalLibrary-Prefix.pch";
				INFOPLIST_FILE = MyPersonalLibrary/Info.plist;
				IPHONEOS_DEPLOYMENT_TARGET = 7.0;
				LD_RUNPATH_SEARCH_PATHS = "$(inherited) @executable_path/Frameworks";
				PRODUCT_BUNDLE_IDENTIFIER = com.dt.MyPersonalLibrary;
				PRODUCT_NAME = "$(TARGET_NAME)";
			};
			name = Debug;
		};
		06F0C0B61C61CD4C00DB032D /* Release */ = {
			isa = XCBuildConfiguration;
			buildSettings = {
				ASSETCATALOG_COMPILER_APPICON_NAME = AppIcon;
				GCC_PRECOMPILE_PREFIX_HEADER = NO;
				GCC_PREFIX_HEADER = "${SRCROOT}/MyPersonalLibrary/MyPersonalLibrary-Prefix.pch";
				INFOPLIST_FILE = MyPersonalLibrary/Info.plist;
				IPHONEOS_DEPLOYMENT_TARGET = 7.0;
				LD_RUNPATH_SEARCH_PATHS = "$(inherited) @executable_path/Frameworks";
				PRODUCT_BUNDLE_IDENTIFIER = com.dt.MyPersonalLibrary;
				PRODUCT_NAME = "$(TARGET_NAME)";
			};
			name = Release;
		};
/* End XCBuildConfiguration section */

/* Begin XCConfigurationList section */
		06F0C0981C61CD4C00DB032D /* Build configuration list for PBXProject "MyPersonalLibrary" */ = {
			isa = XCConfigurationList;
			buildConfigurations = (
				06F0C0B21C61CD4C00DB032D /* Debug */,
				06F0C0B31C61CD4C00DB032D /* Release */,
			);
			defaultConfigurationIsVisible = 0;
			defaultConfigurationName = Release;
		};
		06F0C0B41C61CD4C00DB032D /* Build configuration list for PBXNativeTarget "MyPersonalLibrary" */ = {
			isa = XCConfigurationList;
			buildConfigurations = (
				06F0C0B51C61CD4C00DB032D /* Debug */,
				06F0C0B61C61CD4C00DB032D /* Release */,
			);
			defaultConfigurationIsVisible = 0;
			defaultConfigurationName = Release;
		};
/* End XCConfigurationList section */
	};
	rootObject = 06F0C0951C61CD4C00DB032D /* Project object */;
}
