// !$*UTF8*$!
{
	archiveVersion = 1;
	classes = {
	};
	objectVersion = 46;
	objects = {

/* Begin PBXBuildFile section */
		065469F01CA8287A00D5CE97 /* main.m in Sources */ = {isa = PBXBuildFile; fileRef = 065469EF1CA8287A00D5CE97 /* main.m */; };
		065469F31CA8287A00D5CE97 /* AppDelegate.m in Sources */ = {isa = PBXBuildFile; fileRef = 065469F21CA8287A00D5CE97 /* AppDelegate.m */; };
		065469F61CA8287A00D5CE97 /* ViewController.m in Sources */ = {isa = PBXBuildFile; fileRef = 065469F51CA8287A00D5CE97 /* ViewController.m */; };
		065469FB1CA8287A00D5CE97 /* Assets.xcassets in Resources */ = {isa = PBXBuildFile; fileRef = 065469FA1CA8287A00D5CE97 /* Assets.xcassets */; };
		065469FE1CA8287A00D5CE97 /* LaunchScreen.storyboard in Resources */ = {isa = PBXBuildFile; fileRef = 065469FC1CA8287A00D5CE97 /* LaunchScreen.storyboard */; };
/* End PBXBuildFile section */

/* Begin PBXFileReference section */
		065469EB1CA8287A00D5CE97 /* SimpleHTTPCall.app */ = {isa = PBXFileReference; explicitFileType = wrapper.application; includeInIndex = 0; path = SimpleHTTPCall.app; sourceTree = BUILT_PRODUCTS_DIR; };
		065469EF1CA8287A00D5CE97 /* main.m */ = {isa = PBXFileReference; lastKnownFileType = sourcecode.c.objc; path = main.m; sourceTree = "<group>"; };
		065469F11CA8287A00D5CE97 /* AppDelegate.h */ = {isa = PBXFileReference; lastKnownFileType = sourcecode.c.h; path = AppDelegate.h; sourceTree = "<group>"; };
		065469F21CA8287A00D5CE97 /* AppDelegate.m */ = {isa = PBXFileReference; lastKnownFileType = sourcecode.c.objc; path = AppDelegate.m; sourceTree = "<group>"; };
		065469F41CA8287A00D5CE97 /* ViewController.h */ = {isa = PBXFileReference; lastKnownFileType = sourcecode.c.h; path = ViewController.h; sourceTree = "<group>"; };
		065469F51CA8287A00D5CE97 /* ViewController.m */ = {isa = PBXFileReference; lastKnownFileType = sourcecode.c.objc; path = ViewController.m; sourceTree = "<group>"; };
		065469FA1CA8287A00D5CE97 /* Assets.xcassets */ = {isa = PBXFileReference; lastKnownFileType = folder.assetcatalog; path = Assets.xcassets; sourceTree = "<group>"; };
		065469FD1CA8287A00D5CE97 /* Base */ = {isa = PBXFileReference; lastKnownFileType = file.storyboard; name = Base; path = Base.lproj/LaunchScreen.storyboard; sourceTree = "<group>"; };
		065469FF1CA8287A00D5CE97 /* Info.plist */ = {isa = PBXFileReference; lastKnownFileType = text.plist.xml; path = Info.plist; sourceTree = "<group>"; };
/* End PBXFileReference section */

/* Begin PBXFrameworksBuildPhase section */
		065469E81CA8287A00D5CE97 /* Frameworks */ = {
			isa = PBXFrameworksBuildPhase;
			buildActionMask = 2147483647;
			files = (
			);
			runOnlyForDeploymentPostprocessing = 0;
		};
/* End PBXFrameworksBuildPhase section */

/* Begin PBXGroup section */
		065469E21CA8287A00D5CE97 = {
			isa = PBXGroup;
			children = (
				065469ED1CA8287A00D5CE97 /* SimpleHTTPCall */,
				065469EC1CA8287A00D5CE97 /* Products */,
			);
			sourceTree = "<group>";
		};
		065469EC1CA8287A00D5CE97 /* Products */ = {
			isa = PBXGroup;
			children = (
				065469EB1CA8287A00D5CE97 /* SimpleHTTPCall.app */,
			);
			name = Products;
			sourceTree = "<group>";
		};
		065469ED1CA8287A00D5CE97 /* SimpleHTTPCall */ = {
			isa = PBXGroup;
			children = (
				065469F11CA8287A00D5CE97 /* AppDelegate.h */,
				065469F21CA8287A00D5CE97 /* AppDelegate.m */,
				065469F41CA8287A00D5CE97 /* ViewController.h */,
				065469F51CA8287A00D5CE97 /* ViewController.m */,
				065469FA1CA8287A00D5CE97 /* Assets.xcassets */,
				065469FC1CA8287A00D5CE97 /* LaunchScreen.storyboard */,
				065469FF1CA8287A00D5CE97 /* Info.plist */,
				065469EE1CA8287A00D5CE97 /* Supporting Files */,
			);
			path = SimpleHTTPCall;
			sourceTree = "<group>";
		};
		065469EE1CA8287A00D5CE97 /* Supporting Files */ = {
			isa = PBXGroup;
			children = (
				065469EF1CA8287A00D5CE97 /* main.m */,
			);
			name = "Supporting Files";
			sourceTree = "<group>";
		};
/* End PBXGroup section */

/* Begin PBXNativeTarget section */
		065469EA1CA8287A00D5CE97 /* SimpleHTTPCall */ = {
			isa = PBXNativeTarget;
			buildConfigurationList = 06546A021CA8287A00D5CE97 /* Build configuration list for PBXNativeTarget "SimpleHTTPCall" */;
			buildPhases = (
				065469E71CA8287A00D5CE97 /* Sources */,
				065469E81CA8287A00D5CE97 /* Frameworks */,
				065469E91CA8287A00D5CE97 /* Resources */,
			);
			buildRules = (
			);
			dependencies = (
			);
			name = SimpleHTTPCall;
			productName = SimpleHTTPCall;
			productReference = 065469EB1CA8287A00D5CE97 /* SimpleHTTPCall.app */;
			productType = "com.apple.product-type.application";
		};
/* End PBXNativeTarget section */

/* Begin PBXProject section */
		065469E31CA8287A00D5CE97 /* Project object */ = {
			isa = PBXProject;
			attributes = {
				LastUpgradeCheck = 0720;
				ORGANIZATIONNAME = dengtao;
				TargetAttributes = {
					065469EA1CA8287A00D5CE97 = {
						CreatedOnToolsVersion = 7.2.1;
						DevelopmentTeam = 7BVKVAN753;
					};
				};
			};
			buildConfigurationList = 065469E61CA8287A00D5CE97 /* Build configuration list for PBXProject "SimpleHTTPCall" */;
			compatibilityVersion = "Xcode 3.2";
			developmentRegion = English;
			hasScannedForEncodings = 0;
			knownRegions = (
				en,
				Base,
			);
			mainGroup = 065469E21CA8287A00D5CE97;
			productRefGroup = 065469EC1CA8287A00D5CE97 /* Products */;
			projectDirPath = "";
			projectRoot = "";
			targets = (
				065469EA1CA8287A00D5CE97 /* SimpleHTTPCall */,
			);
		};
/* End PBXProject section */

/* Begin PBXResourcesBuildPhase section */
		065469E91CA8287A00D5CE97 /* Resources */ = {
			isa = PBXResourcesBuildPhase;
			buildActionMask = 2147483647;
			files = (
				065469FE1CA8287A00D5CE97 /* LaunchScreen.storyboard in Resources */,
				065469FB1CA8287A00D5CE97 /* Assets.xcassets in Resources */,
			);
			runOnlyForDeploymentPostprocessing = 0;
		};
/* End PBXResourcesBuildPhase section */

/* Begin PBXSourcesBuildPhase section */
		065469E71CA8287A00D5CE97 /* Sources */ = {
			isa = PBXSourcesBuildPhase;
			buildActionMask = 2147483647;
			files = (
				065469F61CA8287A00D5CE97 /* ViewController.m in Sources */,
				065469F31CA8287A00D5CE97 /* AppDelegate.m in Sources */,
				065469F01CA8287A00D5CE97 /* main.m in Sources */,
			);
			runOnlyForDeploymentPostprocessing = 0;
		};
/* End PBXSourcesBuildPhase section */

/* Begin PBXVariantGroup section */
		065469FC1CA8287A00D5CE97 /* LaunchScreen.storyboard */ = {
			isa = PBXVariantGroup;
			children = (
				065469FD1CA8287A00D5CE97 /* Base */,
			);
			name = LaunchScreen.storyboard;
			sourceTree = "<group>";
		};
/* End PBXVariantGroup section */

/* Begin XCBuildConfiguration section */
		06546A001CA8287A00D5CE97 /* Debug */ = {
			isa = XCBuildConfiguration;
			buildSettings = {
				ALWAYS_SEARCH_USER_PATHS = NO;
				CLANG_CXX_LANGUAGE_STANDARD = "gnu++0x";
				CLANG_CXX_LIBRARY = "libc++";
				CLANG_ENABLE_MODULES = YES;
				CLANG_ENABLE_OBJC_ARC = YES;
				CLANG_WARN_BOOL_CONVERSION = YES;
				CLANG_WARN_CONSTANT_CONVERSION = YES;
				CLANG_WARN_DIRECT_OBJC_ISA_USAGE = YES_ERROR;
				CLANG_WARN_EMPTY_BODY = YES;
				CLANG_WARN_ENUM_CONVERSION = YES;
				CLANG_WARN_INT_CONVERSION = YES;
				CLANG_WARN_OBJC_ROOT_CLASS = YES_ERROR;
				CLANG_WARN_UNREACHABLE_CODE = YES;
				CLANG_WARN__DUPLICATE_METHOD_MATCH = YES;
				"CODE_SIGN_IDENTITY[sdk=iphoneos*]" = "iPhone Developer";
				COPY_PHASE_STRIP = NO;
				DEBUG_INFORMATION_FORMAT = dwarf;
				ENABLE_STRICT_OBJC_MSGSEND = YES;
				ENABLE_TESTABILITY = YES;
				GCC_C_LANGUAGE_STANDARD = gnu99;
				GCC_DYNAMIC_NO_PIC = NO;
				GCC_NO_COMMON_BLOCKS = YES;
				GCC_OPTIMIZATION_LEVEL = 0;
				GCC_PREPROCESSOR_DEFINITIONS = (
					"DEBUG=1",
					"$(inherited)",
				);
				GCC_WARN_64_TO_32_BIT_CONVERSION = YES;
				GCC_WARN_ABOUT_RETURN_TYPE = YES_ERROR;
				GCC_WARN_UNDECLARED_SELECTOR = YES;
				GCC_WARN_UNINITIALIZED_AUTOS = YES_AGGRESSIVE;
				GCC_WARN_UNUSED_FUNCTION = YES;
				GCC_WARN_UNUSED_VARIABLE = YES;
				IPHONEOS_DEPLOYMENT_TARGET = 9.2;
				MTL_ENABLE_DEBUG_INFO = YES;
				ONLY_ACTIVE_ARCH = YES;
				SDKROOT = iphoneos;
			};
			name = Debug;
		};
		06546A011CA8287A00D5CE97 /* Release */ = {
			isa = XCBuildConfiguration;
			buildSettings = {
				ALWAYS_SEARCH_USER_PATHS = NO;
				CLANG_CXX_LANGUAGE_STANDARD = "gnu++0x";
				CLANG_CXX_LIBRARY = "libc++";
				CLANG_ENABLE_MODULES = YES;
				CLANG_ENABLE_OBJC_ARC = YES;
				CLANG_WARN_BOOL_CONVERSION = YES;
				CLANG_WARN_CONSTANT_CONVERSION = YES;
				CLANG_WARN_DIRECT_OBJC_ISA_USAGE = YES_ERROR;
				CLANG_WARN_EMPTY_BODY = YES;
				CLANG_WARN_ENUM_CONVERSION = YES;
				CLANG_WARN_INT_CONVERSION = YES;
				CLANG_WARN_OBJC_ROOT_CLASS = YES_ERROR;
				CLANG_WARN_UNREACHABLE_CODE = YES;
				CLANG_WARN__DUPLICATE_METHOD_MATCH = YES;
				"CODE_SIGN_IDENTITY[sdk=iphoneos*]" = "iPhone Developer";
				COPY_PHASE_STRIP = NO;
				DEBUG_INFORMATION_FORMAT = "dwarf-with-dsym";
				ENABLE_NS_ASSERTIONS = NO;
				ENABLE_STRICT_OBJC_MSGSEND = YES;
				GCC_C_LANGUAGE_STANDARD = gnu99;
				GCC_NO_COMMON_BLOCKS = YES;
				GCC_WARN_64_TO_32_BIT_CONVERSION = YES;
				GCC_WARN_ABOUT_RETURN_TYPE = YES_ERROR;
				GCC_WARN_UNDECLARED_SELECTOR = YES;
				GCC_WARN_UNINITIALIZED_AUTOS = YES_AGGRESSIVE;
				GCC_WARN_UNUSED_FUNCTION = YES;
				GCC_WARN_UNUSED_VARIABLE = YES;
				IPHONEOS_DEPLOYMENT_TARGET = 9.2;
				MTL_ENABLE_DEBUG_INFO = NO;
				SDKROOT = iphoneos;
				VALIDATE_PRODUCT = YES;
			};
			name = Release;
		};
		06546A031CA8287A00D5CE97 /* Debug */ = {
			isa = XCBuildConfiguration;
			buildSettings = {
				ASSETCATALOG_COMPILER_APPICON_NAME = AppIcon;
				INFOPLIST_FILE = SimpleHTTPCall/Info.plist;
				IPHONEOS_DEPLOYMENT_TARGET = 7.1;
				LD_RUNPATH_SEARCH_PATHS = "$(inherited) @executable_path/Frameworks";
				PRODUCT_BUNDLE_IDENTIFIER = com.dengtao.SimpleHTTPCall;
				PRODUCT_NAME = "$(TARGET_NAME)";
			};
			name = Debug;
		};
		06546A041CA8287A00D5CE97 /* Release */ = {
			isa = XCBuildConfiguration;
			buildSettings = {
				ASSETCATALOG_COMPILER_APPICON_NAME = AppIcon;
				INFOPLIST_FILE = SimpleHTTPCall/Info.plist;
				IPHONEOS_DEPLOYMENT_TARGET = 7.1;
				LD_RUNPATH_SEARCH_PATHS = "$(inherited) @executable_path/Frameworks";
				PRODUCT_BUNDLE_IDENTIFIER = com.dengtao.SimpleHTTPCall;
				PRODUCT_NAME = "$(TARGET_NAME)";
			};
			name = Release;
		};
/* End XCBuildConfiguration section */

/* Begin XCConfigurationList section */
		065469E61CA8287A00D5CE97 /* Build configuration list for PBXProject "SimpleHTTPCall" */ = {
			isa = XCConfigurationList;
			buildConfigurations = (
				06546A001CA8287A00D5CE97 /* Debug */,
				06546A011CA8287A00D5CE97 /* Release */,
			);
			defaultConfigurationIsVisible = 0;
			defaultConfigurationName = Release;
		};
		06546A021CA8287A00D5CE97 /* Build configuration list for PBXNativeTarget "SimpleHTTPCall" */ = {
			isa = XCConfigurationList;
			buildConfigurations = (
				06546A031CA8287A00D5CE97 /* Debug */,
				06546A041CA8287A00D5CE97 /* Release */,
			);
			defaultConfigurationIsVisible = 0;
		};
/* End XCConfigurationList section */
	};
	rootObject = 065469E31CA8287A00D5CE97 /* Project object */;
}
